
Microsoft Visual Studio Solution File, Format Version 12.00
# Visual Studio Version 17
VisualStudioVersion = 17.3.32819.101
MinimumVisualStudioVersion = 10.0.40219.1
Project("{FAE04EC0-301F-11D3-BF4B-00C04F79EFBC}") = "CreatingMap", "GeneratingMap\CreatingMap.csproj", "{B1A65AF2-8BBE-4DA0-AB96-C5362A849FAF}"
EndProject
Global
	GlobalSection(SolutionConfigurationPlatforms) = preSolution
		Debug|Any CPU = Debug|Any CPU
		Release|Any CPU = Release|Any CPU
	EndGlobalSection
	GlobalSection(ProjectConfigurationPlatforms) = postSolution
		{B1A65AF2-8BBE-4DA0-AB96-C5362A849FAF}.Debug|Any CPU.ActiveCfg = Debug|Any CPU
		{B1A65AF2-8BBE-4DA0-AB96-C5362A849FAF}.Debug|Any CPU.Build.0 = Debug|Any CPU
		{B1A65AF2-8BBE-4DA0-AB96-C5362A849FAF}.Release|Any CPU.ActiveCfg = Release|Any CPU
		{B1A65AF2-8BBE-4DA0-AB96-C5362A849FAF}.Release|Any CPU.Build.0 = Release|Any CPU
	EndGlobalSection
	GlobalSection(SolutionProperties) = preSolution
		HideSolutionNode = FALSE
	EndGlobalSection
	GlobalSection(ExtensibilityGlobals) = postSolution
		SolutionGuid = {B6B9AB49-196E-41B4-8705-27F202D1817F}
	EndGlobalSection
EndGlobal
